
Microsoft Visual Studio Solution File, Format Version 12.00
Project("{FAE04EC0-301F-11D3-BF4B-00C04F79EFBC}") = "AppleAppSiteAssociation", "AppleAppSiteAssociation\AppleAppSiteAssociation.csproj", "{ED3A6ACD-AD27-4DB5-8473-0E19875DF2B9}"
EndProject
Global
	GlobalSection(SolutionConfigurationPlatforms) = preSolution
		Debug|Any CPU = Debug|Any CPU
		Release|Any CPU = Release|Any CPU
	EndGlobalSection
	GlobalSection(ProjectConfigurationPlatforms) = postSolution
		{ED3A6ACD-AD27-4DB5-8473-0E19875DF2B9}.Debug|Any CPU.ActiveCfg = Debug|Any CPU
		{ED3A6ACD-AD27-4DB5-8473-0E19875DF2B9}.Debug|Any CPU.Build.0 = Debug|Any CPU
		{ED3A6ACD-AD27-4DB5-8473-0E19875DF2B9}.Release|Any CPU.ActiveCfg = Release|Any CPU
		{ED3A6ACD-AD27-4DB5-8473-0E19875DF2B9}.Release|Any CPU.Build.0 = Release|Any CPU
	EndGlobalSection
EndGlobal
